
Microsoft Visual Studio Solution File, Format Version 12.00
# Visual Studio 2017
Project("{FAE04EC0-301F-11D3-BF4B-00C04F79EFBC}") = "bacc2d", "bacc2d.csproj", "{86C83330-A839-E65A-63CE-3482E6399720}"
EndProject
Global
	GlobalSection(SolutionConfigurationPlatforms) = preSolution
		Debug|Any CPU = Debug|Any CPU
		Release|Any CPU = Release|Any CPU
	EndGlobalSection
	GlobalSection(ProjectConfigurationPlatforms) = postSolution
		{86C83330-A839-E65A-63CE-3482E6399720}.Debug|Any CPU.ActiveCfg = Debug|Any CPU
		{86C83330-A839-E65A-63CE-3482E6399720}.Debug|Any CPU.Build.0 = Debug|Any CPU
		{86C83330-A839-E65A-63CE-3482E6399720}.Release|Any CPU.ActiveCfg = Release|Any CPU
		{86C83330-A839-E65A-63CE-3482E6399720}.Release|Any CPU.Build.0 = Release|Any CPU
	EndGlobalSection
	GlobalSection(SolutionProperties) = preSolution
		HideSolutionNode = FALSE
	EndGlobalSection
EndGlobal
